
Microsoft Visual Studio Solution File, Format Version 12.00
# Visual Studio Version 17
VisualStudioVersion = 17.3.32825.248
MinimumVisualStudioVersion = 10.0.40219.1
Project("{FAE04EC0-301F-11D3-BF4B-00C04F79EFBC}") = "Exec_StringMembers", "Exec_StringMembers\Exec_StringMembers.csproj", "{52117055-1985-45BA-841D-6309ACAD0296}"
EndProject
Global
	GlobalSection(SolutionConfigurationPlatforms) = preSolution
		Debug|Any CPU = Debug|Any CPU
		Release|Any CPU = Release|Any CPU
	EndGlobalSection
	GlobalSection(ProjectConfigurationPlatforms) = postSolution
		{52117055-1985-45BA-841D-6309ACAD0296}.Debug|Any CPU.ActiveCfg = Debug|Any CPU
		{52117055-1985-45BA-841D-6309ACAD0296}.Debug|Any CPU.Build.0 = Debug|Any CPU
		{52117055-1985-45BA-841D-6309ACAD0296}.Release|Any CPU.ActiveCfg = Release|Any CPU
		{52117055-1985-45BA-841D-6309ACAD0296}.Release|Any CPU.Build.0 = Release|Any CPU
	EndGlobalSection
	GlobalSection(SolutionProperties) = preSolution
		HideSolutionNode = FALSE
	EndGlobalSection
	GlobalSection(ExtensibilityGlobals) = postSolution
		SolutionGuid = {100B7B94-B5B8-44EF-ADA0-28281A2E304F}
	EndGlobalSection
EndGlobal
